
Microsoft Visual Studio Solution File, Format Version 12.00
# Visual Studio Version 17
VisualStudioVersion = 17.0.31903.59
MinimumVisualStudioVersion = 10.0.40219.1
Project("{FAE04EC0-301F-11D3-BF4B-00C04F79EFBC}") = "SemiplanAPI", "SemiplanAPI\SemiplanAPI.csproj", "{A28380C8-7215-482A-9E2A-09817939327E}"
EndProject
Project("{FAE04EC0-301F-11D3-BF4B-00C04F79EFBC}") = "SemiplanService", "SemiplanService\SemiplanService.csproj", "{0C458095-1F45-4BA7-BBE7-6C49AADF08C6}"
EndProject
Project("{FAE04EC0-301F-11D3-BF4B-00C04F79EFBC}") = "SemiplanData", "SemiplanData\SemiplanData.csproj", "{F6FFE848-7508-4A46-AF0D-76B1324DECA4}"
EndProject
Project("{FAE04EC0-301F-11D3-BF4B-00C04F79EFBC}") = "SemiplanRepository", "SemiplanRepository\SemiplanRepository.csproj", "{46A2EB63-7118-4FA0-ADBC-B846B9751D62}"
EndProject
Global
	GlobalSection(SolutionConfigurationPlatforms) = preSolution
		Debug|Any CPU = Debug|Any CPU
		Debug|x64 = Debug|x64
		Debug|x86 = Debug|x86
		Release|Any CPU = Release|Any CPU
		Release|x64 = Release|x64
		Release|x86 = Release|x86
	EndGlobalSection
	GlobalSection(ProjectConfigurationPlatforms) = postSolution
		{A28380C8-7215-482A-9E2A-09817939327E}.Debug|Any CPU.ActiveCfg = Debug|Any CPU
		{A28380C8-7215-482A-9E2A-09817939327E}.Debug|Any CPU.Build.0 = Debug|Any CPU
		{A28380C8-7215-482A-9E2A-09817939327E}.Debug|x64.ActiveCfg = Debug|Any CPU
		{A28380C8-7215-482A-9E2A-09817939327E}.Debug|x64.Build.0 = Debug|Any CPU
		{A28380C8-7215-482A-9E2A-09817939327E}.Debug|x86.ActiveCfg = Debug|Any CPU
		{A28380C8-7215-482A-9E2A-09817939327E}.Debug|x86.Build.0 = Debug|Any CPU
		{A28380C8-7215-482A-9E2A-09817939327E}.Release|Any CPU.ActiveCfg = Release|Any CPU
		{A28380C8-7215-482A-9E2A-09817939327E}.Release|Any CPU.Build.0 = Release|Any CPU
		{A28380C8-7215-482A-9E2A-09817939327E}.Release|x64.ActiveCfg = Release|Any CPU
		{A28380C8-7215-482A-9E2A-09817939327E}.Release|x64.Build.0 = Release|Any CPU
		{A28380C8-7215-482A-9E2A-09817939327E}.Release|x86.ActiveCfg = Release|Any CPU
		{A28380C8-7215-482A-9E2A-09817939327E}.Release|x86.Build.0 = Release|Any CPU
		{0C458095-1F45-4BA7-BBE7-6C49AADF08C6}.Debug|Any CPU.ActiveCfg = Debug|Any CPU
		{0C458095-1F45-4BA7-BBE7-6C49AADF08C6}.Debug|Any CPU.Build.0 = Debug|Any CPU
		{0C458095-1F45-4BA7-BBE7-6C49AADF08C6}.Debug|x64.ActiveCfg = Debug|Any CPU
		{0C458095-1F45-4BA7-BBE7-6C49AADF08C6}.Debug|x64.Build.0 = Debug|Any CPU
		{0C458095-1F45-4BA7-BBE7-6C49AADF08C6}.Debug|x86.ActiveCfg = Debug|Any CPU
		{0C458095-1F45-4BA7-BBE7-6C49AADF08C6}.Debug|x86.Build.0 = Debug|Any CPU
		{0C458095-1F45-4BA7-BBE7-6C49AADF08C6}.Release|Any CPU.ActiveCfg = Release|Any CPU
		{0C458095-1F45-4BA7-BBE7-6C49AADF08C6}.Release|Any CPU.Build.0 = Release|Any CPU
		{0C458095-1F45-4BA7-BBE7-6C49AADF08C6}.Release|x64.ActiveCfg = Release|Any CPU
		{0C458095-1F45-4BA7-BBE7-6C49AADF08C6}.Release|x64.Build.0 = Release|Any CPU
		{0C458095-1F45-4BA7-BBE7-6C49AADF08C6}.Release|x86.ActiveCfg = Release|Any CPU
		{0C458095-1F45-4BA7-BBE7-6C49AADF08C6}.Release|x86.Build.0 = Release|Any CPU
		{F6FFE848-7508-4A46-AF0D-76B1324DECA4}.Debug|Any CPU.ActiveCfg = Debug|Any CPU
		{F6FFE848-7508-4A46-AF0D-76B1324DECA4}.Debug|Any CPU.Build.0 = Debug|Any CPU
		{F6FFE848-7508-4A46-AF0D-76B1324DECA4}.Debug|x64.ActiveCfg = Debug|Any CPU
		{F6FFE848-7508-4A46-AF0D-76B1324DECA4}.Debug|x64.Build.0 = Debug|Any CPU
		{F6FFE848-7508-4A46-AF0D-76B1324DECA4}.Debug|x86.ActiveCfg = Debug|Any CPU
		{F6FFE848-7508-4A46-AF0D-76B1324DECA4}.Debug|x86.Build.0 = Debug|Any CPU
		{F6FFE848-7508-4A46-AF0D-76B1324DECA4}.Release|Any CPU.ActiveCfg = Release|Any CPU
		{F6FFE848-7508-4A46-AF0D-76B1324DECA4}.Release|Any CPU.Build.0 = Release|Any CPU
		{F6FFE848-7508-4A46-AF0D-76B1324DECA4}.Release|x64.ActiveCfg = Release|Any CPU
		{F6FFE848-7508-4A46-AF0D-76B1324DECA4}.Release|x64.Build.0 = Release|Any CPU
		{F6FFE848-7508-4A46-AF0D-76B1324DECA4}.Release|x86.ActiveCfg = Release|Any CPU
		{F6FFE848-7508-4A46-AF0D-76B1324DECA4}.Release|x86.Build.0 = Release|Any CPU
		{46A2EB63-7118-4FA0-ADBC-B846B9751D62}.Debug|Any CPU.ActiveCfg = Debug|Any CPU
		{46A2EB63-7118-4FA0-ADBC-B846B9751D62}.Debug|Any CPU.Build.0 = Debug|Any CPU
		{46A2EB63-7118-4FA0-ADBC-B846B9751D62}.Debug|x64.ActiveCfg = Debug|Any CPU
		{46A2EB63-7118-4FA0-ADBC-B846B9751D62}.Debug|x64.Build.0 = Debug|Any CPU
		{46A2EB63-7118-4FA0-ADBC-B846B9751D62}.Debug|x86.ActiveCfg = Debug|Any CPU
		{46A2EB63-7118-4FA0-ADBC-B846B9751D62}.Debug|x86.Build.0 = Debug|Any CPU
		{46A2EB63-7118-4FA0-ADBC-B846B9751D62}.Release|Any CPU.ActiveCfg = Release|Any CPU
		{46A2EB63-7118-4FA0-ADBC-B846B9751D62}.Release|Any CPU.Build.0 = Release|Any CPU
		{46A2EB63-7118-4FA0-ADBC-B846B9751D62}.Release|x64.ActiveCfg = Release|Any CPU
		{46A2EB63-7118-4FA0-ADBC-B846B9751D62}.Release|x64.Build.0 = Release|Any CPU
		{46A2EB63-7118-4FA0-ADBC-B846B9751D62}.Release|x86.ActiveCfg = Release|Any CPU
		{46A2EB63-7118-4FA0-ADBC-B846B9751D62}.Release|x86.Build.0 = Release|Any CPU
	EndGlobalSection
	GlobalSection(SolutionProperties) = preSolution
		HideSolutionNode = FALSE
	EndGlobalSection
EndGlobal
